{
  "name": "project-uno",
  "version": "1.0.0",
  "lockfileVersion": 1,
  "requires": true,
  "dependencies": {
    "shuffle": {
      "version": "0.2.2",
      "resolved": "https://registry.npmjs.org/shuffle/-/shuffle-0.2.2.tgz",
      "integrity": "sha1-2k3pnxZfVc/ufSVA/gmcvNscAkw="
    },
    "uno-engine": {
      "version": "0.1.2-alpha",
      "resolved": "https://registry.npmjs.org/uno-engine/-/uno-engine-0.1.2-alpha.tgz",
      "integrity": "sha512-32Kc/ABLDWBrfwxYgybn3zlv072UICegODFtvm9Af5Gj7LAv4i80PtxljPXRO1P+iplvlB0S3/QQRi3EoycJlA==",
      "requires": {
        "shuffle": "^0.2.2"
      }
    }
  }
}
